{
  "name": "node-starter",
  "version": "0.0.0",
  "lockfileVersion": 2,
  "requires": true,
  "packages": {
    "": {
      "name": "node-starter",
      "version": "0.0.0",
      "dependencies": {
        "discordjs-reaction-role": "^3.1.0",
        "index.js": "^0.0.3"
      }
    },
    "node_modules/discordjs-reaction-role": {
      "version": "3.1.0",
      "resolved": "https://registry.npmjs.org/discordjs-reaction-role/-/discordjs-reaction-role-3.1.0.tgz",
      "integrity": "sha512-K5ShjKd8h765gZ0llpALveVmDEPKShABWVWnL1zTRmVgFZpMZfnS3ElCPxlxYHUQdB2r4IuqMSB8SW9ai/pLew==",
      "engines": {
        "node": ">=16.6"
      },
      "peerDependencies": {
        "discord.js": "^13.0.0 || ^14.0.0"
      }
    },
    "node_modules/index.js": {
      "version": "0.0.3",
      "resolved": "https://registry.npmjs.org/index.js/-/index.js-0.0.3.tgz",
      "integrity": "sha512-62dN71h/y6X96muC2hxI95oPRpOwf+0mwS7S0TsMuEy857w41qjz8XJjob7eyuesQ71nbylasZx8sIkPAc5pXA=="
    }
  },
  "dependencies": {
    "discordjs-reaction-role": {
      "version": "3.1.0",
      "resolved": "https://registry.npmjs.org/discordjs-reaction-role/-/discordjs-reaction-role-3.1.0.tgz",
      "integrity": "sha512-K5ShjKd8h765gZ0llpALveVmDEPKShABWVWnL1zTRmVgFZpMZfnS3ElCPxlxYHUQdB2r4IuqMSB8SW9ai/pLew=="
    },
    "index.js": {
      "version": "0.0.3",
      "resolved": "https://registry.npmjs.org/index.js/-/index.js-0.0.3.tgz",
      "integrity": "sha512-62dN71h/y6X96muC2hxI95oPRpOwf+0mwS7S0TsMuEy857w41qjz8XJjob7eyuesQ71nbylasZx8sIkPAc5pXA=="
    }
  }
}
